
Microsoft Visual Studio Solution File, Format Version 12.00
# Visual Studio Version 17
VisualStudioVersion = 17.1.32319.34
MinimumVisualStudioVersion = 10.0.40219.1
Project("{FAE04EC0-301F-11D3-BF4B-00C04F79EFBC}") = "studentOrg", "studentOrg\studentOrg.csproj", "{F41726BA-FBD8-4562-9383-077B2F3539BA}"
EndProject
Global
	GlobalSection(SolutionConfigurationPlatforms) = preSolution
		Debug|Any CPU = Debug|Any CPU
		Release|Any CPU = Release|Any CPU
	EndGlobalSection
	GlobalSection(ProjectConfigurationPlatforms) = postSolution
		{F41726BA-FBD8-4562-9383-077B2F3539BA}.Debug|Any CPU.ActiveCfg = Debug|Any CPU
		{F41726BA-FBD8-4562-9383-077B2F3539BA}.Debug|Any CPU.Build.0 = Debug|Any CPU
		{F41726BA-FBD8-4562-9383-077B2F3539BA}.Release|Any CPU.ActiveCfg = Release|Any CPU
		{F41726BA-FBD8-4562-9383-077B2F3539BA}.Release|Any CPU.Build.0 = Release|Any CPU
	EndGlobalSection
	GlobalSection(SolutionProperties) = preSolution
		HideSolutionNode = FALSE
	EndGlobalSection
	GlobalSection(ExtensibilityGlobals) = postSolution
		SolutionGuid = {2D3A5A37-A557-4135-806A-6B29E50A77B3}
	EndGlobalSection
EndGlobal
